// !$*UTF8*$!
{
	archiveVersion = 1;
	classes = {
	};
	objectVersion = 46;
	objects = {

/* Begin PBXBuildFile section */
		2DC181E5EBBD93D8ECA828CC /* RegisterMoodCommandSpec.m in Sources */ = {isa = PBXBuildFile; fileRef = 2DC183054475B9E76A424DA8 /* RegisterMoodCommandSpec.m */; };
		2DC183154AFF0B7B7EBB4D90 /* RootViewController.m in Sources */ = {isa = PBXBuildFile; fileRef = 2DC18CF6F7C684CC91FDB6A7 /* RootViewController.m */; };
		2DC1837FAB73C07A034ED2AF /* GetMoodsCommandSpec.m in Sources */ = {isa = PBXBuildFile; fileRef = 2DC1878B18DB21F2040FE72C /* GetMoodsCommandSpec.m */; };
		2DC185157AB6911279F9C285 /* MoodCommand.m in Sources */ = {isa = PBXBuildFile; fileRef = 2DC1815511DDA364A217CECA /* MoodCommand.m */; };
		2DC1852897BB4B4E4F67279E /* RootViewController.m in Sources */ = {isa = PBXBuildFile; fileRef = 2DC18CF6F7C684CC91FDB6A7 /* RootViewController.m */; };
		2DC1855588EF766AD68D0B42 /* CommandSpec.m in Sources */ = {isa = PBXBuildFile; fileRef = 2DC18345B7C00E6BEDD9E3E7 /* CommandSpec.m */; };
		2DC1874B9D67BE6FC3B5DDB0 /* MoodService.m in Sources */ = {isa = PBXBuildFile; fileRef = 2DC18DEDF17C876AA9D2DEA8 /* MoodService.m */; };
		2DC18887D93BED94521EBEF1 /* MoodListTableView.xib in Resources */ = {isa = PBXBuildFile; fileRef = 2DC18A02FDADCE7E749B3217 /* MoodListTableView.xib */; };
		2DC1898B53633D3220DD613C /* GetMoodsCommand.m in Sources */ = {isa = PBXBuildFile; fileRef = 2DC189428F60AF9481F074E4 /* GetMoodsCommand.m */; };
		2DC18AF19702903FF879413A /* GetMoodsCommand.m in Sources */ = {isa = PBXBuildFile; fileRef = 2DC189428F60AF9481F074E4 /* GetMoodsCommand.m */; };
		2DC18B5C77A9CF3B2ECDF850 /* MoodViewController.m in Sources */ = {isa = PBXBuildFile; fileRef = 2DC1873D4147FE8602C37697 /* MoodViewController.m */; settings = {COMPILER_FLAGS = "-Wno-undeclared-selector"; }; };
		2DC18B98D4E28890660E3B02 /* RegisterMoodCommand.m in Sources */ = {isa = PBXBuildFile; fileRef = 2DC18D2D7D525B01FE0993A9 /* RegisterMoodCommand.m */; };
		2DC18E4BD3693F42AA4E0728 /* MoodCommand.m in Sources */ = {isa = PBXBuildFile; fileRef = 2DC1815511DDA364A217CECA /* MoodCommand.m */; };
		2DC18ECF9820E319AC461C2D /* MoodService.m in Sources */ = {isa = PBXBuildFile; fileRef = 2DC18DEDF17C876AA9D2DEA8 /* MoodService.m */; };
		2DC18EFEB2C62D6D61E228BB /* MoodViewController.m in Sources */ = {isa = PBXBuildFile; fileRef = 2DC1873D4147FE8602C37697 /* MoodViewController.m */; };
		2DC18F203460B55E49B8E4ED /* MoodServiceSpec.m in Sources */ = {isa = PBXBuildFile; fileRef = 2DC18D9430ADC1CB79CB7200 /* MoodServiceSpec.m */; };
		2DC18FF685C8CBE0281E562E /* RegisterMoodCommand.m in Sources */ = {isa = PBXBuildFile; fileRef = 2DC18D2D7D525B01FE0993A9 /* RegisterMoodCommand.m */; };
		A185BB3C1821DB7A00183C93 /* libPods-MoodiosTests.a in Frameworks */ = {isa = PBXBuildFile; fileRef = A185BB3B1821DB7A00183C93 /* libPods-MoodiosTests.a */; };
		A185BB411821DBA600183C93 /* libPods.a in Frameworks */ = {isa = PBXBuildFile; fileRef = A185BB401821DBA600183C93 /* libPods.a */; };
		A185BB431821DBAF00183C93 /* libPods.a in Frameworks */ = {isa = PBXBuildFile; fileRef = A185BB421821DBAF00183C93 /* libPods.a */; };
		A185BB4918231DE600183C93 /* MoodTableViewController.m in Sources */ = {isa = PBXBuildFile; fileRef = A185BB4718231DE600183C93 /* MoodTableViewController.m */; };
		A1E8563B180CA8D200DB907F /* Foundation.framework in Frameworks */ = {isa = PBXBuildFile; fileRef = A1E8563A180CA8D200DB907F /* Foundation.framework */; };
		A1E8563D180CA8D200DB907F /* CoreGraphics.framework in Frameworks */ = {isa = PBXBuildFile; fileRef = A1E8563C180CA8D200DB907F /* CoreGraphics.framework */; };
		A1E85645180CA8D200DB907F /* InfoPlist.strings in Resources */ = {isa = PBXBuildFile; fileRef = A1E85643180CA8D200DB907F /* InfoPlist.strings */; };
		A1E85647180CA8D200DB907F /* main.m in Sources */ = {isa = PBXBuildFile; fileRef = A1E85646180CA8D200DB907F /* main.m */; };
		A1E8564B180CA8D200DB907F /* AppDelegate.m in Sources */ = {isa = PBXBuildFile; fileRef = A1E8564A180CA8D200DB907F /* AppDelegate.m */; };
		A1E85656180CA8D200DB907F /* Images.xcassets in Resources */ = {isa = PBXBuildFile; fileRef = A1E85655180CA8D200DB907F /* Images.xcassets */; };
		A1E8565E180CA8D200DB907F /* Foundation.framework in Frameworks */ = {isa = PBXBuildFile; fileRef = A1E8563A180CA8D200DB907F /* Foundation.framework */; };
		A1E85667180CA8D200DB907F /* InfoPlist.strings in Resources */ = {isa = PBXBuildFile; fileRef = A1E85665180CA8D200DB907F /* InfoPlist.strings */; };
		A1FA2D49180E0A850049BC47 /* config-common.xcconfig in Resources */ = {isa = PBXBuildFile; fileRef = A1FA2D44180E0A850049BC47 /* config-common.xcconfig */; };
		A1FA2D4A180E0A850049BC47 /* config-debug.xcconfig in Resources */ = {isa = PBXBuildFile; fileRef = A1FA2D45180E0A850049BC47 /* config-debug.xcconfig */; };
		A1FA2D4B180E0A850049BC47 /* config-release.xcconfig in Resources */ = {isa = PBXBuildFile; fileRef = A1FA2D46180E0A850049BC47 /* config-release.xcconfig */; };
		A1FA2D4C180E0A850049BC47 /* config-reveal.xcconfig in Resources */ = {isa = PBXBuildFile; fileRef = A1FA2D47180E0A850049BC47 /* config-reveal.xcconfig */; };
		A1FA2D4D180E0A850049BC47 /* config-test.xcconfig in Resources */ = {isa = PBXBuildFile; fileRef = A1FA2D48180E0A850049BC47 /* config-test.xcconfig */; };
		A1FA2D53180E0F590049BC47 /* SenTestingKit.framework in Frameworks */ = {isa = PBXBuildFile; fileRef = A1FA2D52180E0F590049BC47 /* SenTestingKit.framework */; };
		A1FA2D55180E0FC70049BC47 /* CoreGraphics.framework in Frameworks */ = {isa = PBXBuildFile; fileRef = A1FA2D54180E0FC70049BC47 /* CoreGraphics.framework */; };
		A1FA2D57180E0FD60049BC47 /* MobileCoreServices.framework in Frameworks */ = {isa = PBXBuildFile; fileRef = A1FA2D56180E0FD60049BC47 /* MobileCoreServices.framework */; };
		A1FA2D59180E0FE60049BC47 /* Security.framework in Frameworks */ = {isa = PBXBuildFile; fileRef = A1FA2D58180E0FE60049BC47 /* Security.framework */; };
		A1FA2D5B180E0FF40049BC47 /* SystemConfiguration.framework in Frameworks */ = {isa = PBXBuildFile; fileRef = A1FA2D5A180E0FF40049BC47 /* SystemConfiguration.framework */; };
		A1FA2D5C180E0FF70049BC47 /* SystemConfiguration.framework in Frameworks */ = {isa = PBXBuildFile; fileRef = A1FA2D5A180E0FF40049BC47 /* SystemConfiguration.framework */; };
		A1FA2D5D180E0FFA0049BC47 /* Security.framework in Frameworks */ = {isa = PBXBuildFile; fileRef = A1FA2D58180E0FE60049BC47 /* Security.framework */; };
		A1FA2D5E180E0FFC0049BC47 /* MobileCoreServices.framework in Frameworks */ = {isa = PBXBuildFile; fileRef = A1FA2D56180E0FD60049BC47 /* MobileCoreServices.framework */; };
		A1FA2D5F180E0FFF0049BC47 /* CoreGraphics.framework in Frameworks */ = {isa = PBXBuildFile; fileRef = A1FA2D54180E0FC70049BC47 /* CoreGraphics.framework */; };
		A1FA2D60180E10090049BC47 /* CoreGraphics.framework in Frameworks */ = {isa = PBXBuildFile; fileRef = A1E8563C180CA8D200DB907F /* CoreGraphics.framework */; };
		A1FD42B31810F05400180803 /* MoodView.xib in Resources */ = {isa = PBXBuildFile; fileRef = A1FD42B21810F05400180803 /* MoodView.xib */; };
/* End PBXBuildFile section */

/* Begin PBXContainerItemProxy section */
		A1E85660180CA8D200DB907F /* PBXContainerItemProxy */ = {
			isa = PBXContainerItemProxy;
			containerPortal = A1E8562F180CA8D200DB907F /* Project object */;
			proxyType = 1;
			remoteGlobalIDString = A1E85636180CA8D200DB907F;
			remoteInfo = Moodios;
		};
/* End PBXContainerItemProxy section */

/* Begin PBXFileReference section */
		2DC180A117B86A7B7FCD4DE2 /* CommandDelegate.h */ = {isa = PBXFileReference; fileEncoding = 4; lastKnownFileType = sourcecode.c.h; path = CommandDelegate.h; sourceTree = "<group>"; };
		2DC1815511DDA364A217CECA /* MoodCommand.m */ = {isa = PBXFileReference; fileEncoding = 4; lastKnownFileType = sourcecode.c.objc; path = MoodCommand.m; sourceTree = "<group>"; };
		2DC183054475B9E76A424DA8 /* RegisterMoodCommandSpec.m */ = {isa = PBXFileReference; fileEncoding = 4; lastKnownFileType = sourcecode.c.objc; name = RegisterMoodCommandSpec.m; path = spec/Service/RegisterMoodCommandSpec.m; sourceTree = SOURCE_ROOT; };
		2DC18312F0FB597238E9F297 /* MoodServiceProtocol.h */ = {isa = PBXFileReference; fileEncoding = 4; lastKnownFileType = sourcecode.c.h; path = MoodServiceProtocol.h; sourceTree = "<group>"; };
		2DC18345B7C00E6BEDD9E3E7 /* CommandSpec.m */ = {isa = PBXFileReference; fileEncoding = 4; lastKnownFileType = sourcecode.c.objc; name = CommandSpec.m; path = spec/Service/CommandSpec.m; sourceTree = SOURCE_ROOT; };
		2DC1853704E9A47AFA88DCD4 /* GetMoodsCommand.h */ = {isa = PBXFileReference; fileEncoding = 4; lastKnownFileType = sourcecode.c.h; path = GetMoodsCommand.h; sourceTree = "<group>"; };
		2DC1869F2D29D46254819AC1 /* MoodViewController.h */ = {isa = PBXFileReference; fileEncoding = 4; lastKnownFileType = sourcecode.c.h; path = MoodViewController.h; sourceTree = "<group>"; };
		2DC1873D4147FE8602C37697 /* MoodViewController.m */ = {isa = PBXFileReference; fileEncoding = 4; lastKnownFileType = sourcecode.c.objc; path = MoodViewController.m; sourceTree = "<group>"; };
		2DC1878B18DB21F2040FE72C /* GetMoodsCommandSpec.m */ = {isa = PBXFileReference; fileEncoding = 4; lastKnownFileType = sourcecode.c.objc; name = GetMoodsCommandSpec.m; path = spec/Service/GetMoodsCommandSpec.m; sourceTree = SOURCE_ROOT; };
		2DC188BDFD5573D06A281782 /* RootViewController.h */ = {isa = PBXFileReference; fileEncoding = 4; lastKnownFileType = sourcecode.c.h; path = RootViewController.h; sourceTree = "<group>"; };
		2DC188E433403C30207387C9 /* RegisterMoodCommand.h */ = {isa = PBXFileReference; fileEncoding = 4; lastKnownFileType = sourcecode.c.h; path = RegisterMoodCommand.h; sourceTree = "<group>"; };
		2DC188FF329A845220817AC7 /* MoodCommand.h */ = {isa = PBXFileReference; fileEncoding = 4; lastKnownFileType = sourcecode.c.h; path = MoodCommand.h; sourceTree = "<group>"; };
		2DC189428F60AF9481F074E4 /* GetMoodsCommand.m */ = {isa = PBXFileReference; fileEncoding = 4; lastKnownFileType = sourcecode.c.objc; path = GetMoodsCommand.m; sourceTree = "<group>"; };
		2DC18A02FDADCE7E749B3217 /* MoodListTableView.xib */ = {isa = PBXFileReference; lastKnownFileType = file.xib; path = MoodListTableView.xib; sourceTree = "<group>"; };
		2DC18C9EBC7E0E7D03F89BA9 /* MoodService.h */ = {isa = PBXFileReference; fileEncoding = 4; lastKnownFileType = sourcecode.c.h; path = MoodService.h; sourceTree = "<group>"; };
		2DC18CF6F7C684CC91FDB6A7 /* RootViewController.m */ = {isa = PBXFileReference; fileEncoding = 4; lastKnownFileType = sourcecode.c.objc; path = RootViewController.m; sourceTree = "<group>"; };
		2DC18D2D7D525B01FE0993A9 /* RegisterMoodCommand.m */ = {isa = PBXFileReference; fileEncoding = 4; lastKnownFileType = sourcecode.c.objc; path = RegisterMoodCommand.m; sourceTree = "<group>"; };
		2DC18D9430ADC1CB79CB7200 /* MoodServiceSpec.m */ = {isa = PBXFileReference; fileEncoding = 4; lastKnownFileType = sourcecode.c.objc; name = MoodServiceSpec.m; path = spec/Service/MoodServiceSpec.m; sourceTree = SOURCE_ROOT; };
		2DC18DEDF17C876AA9D2DEA8 /* MoodService.m */ = {isa = PBXFileReference; fileEncoding = 4; lastKnownFileType = sourcecode.c.objc; path = MoodService.m; sourceTree = "<group>"; };
		33040A7E3CFD4A8186463238 /* Pods.xcconfig */ = {isa = PBXFileReference; includeInIndex = 1; lastKnownFileType = text.xcconfig; name = Pods.xcconfig; path = ../Pods/Pods.xcconfig; sourceTree = "<group>"; };
		5646C567C5EE40619647E2EC /* Pods-MoodiosTests.xcconfig */ = {isa = PBXFileReference; includeInIndex = 1; lastKnownFileType = text.xcconfig; name = "Pods-MoodiosTests.xcconfig"; path = "../Pods/Pods-MoodiosTests.xcconfig"; sourceTree = "<group>"; };
		A185BB3B1821DB7A00183C93 /* libPods-MoodiosTests.a */ = {isa = PBXFileReference; lastKnownFileType = archive.ar; name = "libPods-MoodiosTests.a"; path = "../Pods/build/Debug-iphoneos/libPods-MoodiosTests.a"; sourceTree = "<group>"; };
		A185BB401821DBA600183C93 /* libPods.a */ = {isa = PBXFileReference; lastKnownFileType = archive.ar; name = libPods.a; path = "../Pods/build/Debug-iphoneos/libPods.a"; sourceTree = "<group>"; };
		A185BB421821DBAF00183C93 /* libPods.a */ = {isa = PBXFileReference; lastKnownFileType = archive.ar; name = libPods.a; path = "../Pods/build/Debug-iphoneos/libPods.a"; sourceTree = "<group>"; };
		A185BB4618231DE600183C93 /* MoodTableViewController.h */ = {isa = PBXFileReference; fileEncoding = 4; lastKnownFileType = sourcecode.c.h; path = MoodTableViewController.h; sourceTree = "<group>"; };
		A185BB4718231DE600183C93 /* MoodTableViewController.m */ = {isa = PBXFileReference; fileEncoding = 4; lastKnownFileType = sourcecode.c.objc; path = MoodTableViewController.m; sourceTree = "<group>"; };
		A1E85637180CA8D200DB907F /* Moodios.app */ = {isa = PBXFileReference; explicitFileType = wrapper.application; includeInIndex = 0; path = Moodios.app; sourceTree = BUILT_PRODUCTS_DIR; };
		A1E8563A180CA8D200DB907F /* Foundation.framework */ = {isa = PBXFileReference; lastKnownFileType = wrapper.framework; name = Foundation.framework; path = System/Library/Frameworks/Foundation.framework; sourceTree = SDKROOT; };
		A1E8563C180CA8D200DB907F /* CoreGraphics.framework */ = {isa = PBXFileReference; lastKnownFileType = wrapper.framework; name = CoreGraphics.framework; path = System/Library/Frameworks/CoreGraphics.framework; sourceTree = SDKROOT; };
		A1E85642180CA8D200DB907F /* Moodios-Info.plist */ = {isa = PBXFileReference; lastKnownFileType = text.plist.info; path = "Moodios-Info.plist"; sourceTree = "<group>"; };
		A1E85644180CA8D200DB907F /* en */ = {isa = PBXFileReference; lastKnownFileType = text.plist.strings; name = en; path = en.lproj/InfoPlist.strings; sourceTree = "<group>"; };
		A1E85646180CA8D200DB907F /* main.m */ = {isa = PBXFileReference; lastKnownFileType = sourcecode.c.objc; path = main.m; sourceTree = "<group>"; };
		A1E85648180CA8D200DB907F /* Moodios-Prefix.pch */ = {isa = PBXFileReference; lastKnownFileType = sourcecode.c.h; path = "Moodios-Prefix.pch"; sourceTree = "<group>"; };
		A1E85649180CA8D200DB907F /* AppDelegate.h */ = {isa = PBXFileReference; lastKnownFileType = sourcecode.c.h; path = AppDelegate.h; sourceTree = "<group>"; };
		A1E8564A180CA8D200DB907F /* AppDelegate.m */ = {isa = PBXFileReference; lastKnownFileType = sourcecode.c.objc; path = AppDelegate.m; sourceTree = "<group>"; };
		A1E85655180CA8D200DB907F /* Images.xcassets */ = {isa = PBXFileReference; lastKnownFileType = folder.assetcatalog; path = Images.xcassets; sourceTree = "<group>"; };
		A1E8565B180CA8D200DB907F /* MoodiosTests.octest */ = {isa = PBXFileReference; explicitFileType = wrapper.cfbundle; includeInIndex = 0; path = MoodiosTests.octest; sourceTree = BUILT_PRODUCTS_DIR; };
		A1E85664180CA8D200DB907F /* MoodiosTests-Info.plist */ = {isa = PBXFileReference; lastKnownFileType = text.plist.info; path = "MoodiosTests-Info.plist"; sourceTree = "<group>"; };
		A1E85666180CA8D200DB907F /* en */ = {isa = PBXFileReference; lastKnownFileType = text.plist.strings; name = en; path = en.lproj/InfoPlist.strings; sourceTree = "<group>"; };
		A1FA2D44180E0A850049BC47 /* config-common.xcconfig */ = {isa = PBXFileReference; fileEncoding = 4; lastKnownFileType = text.xcconfig; name = "config-common.xcconfig"; path = "Config/config-common.xcconfig"; sourceTree = "<group>"; };
		A1FA2D45180E0A850049BC47 /* config-debug.xcconfig */ = {isa = PBXFileReference; fileEncoding = 4; lastKnownFileType = text.xcconfig; name = "config-debug.xcconfig"; path = "Config/config-debug.xcconfig"; sourceTree = "<group>"; };
		A1FA2D46180E0A850049BC47 /* config-release.xcconfig */ = {isa = PBXFileReference; fileEncoding = 4; lastKnownFileType = text.xcconfig; name = "config-release.xcconfig"; path = "Config/config-release.xcconfig"; sourceTree = "<group>"; };
		A1FA2D47180E0A850049BC47 /* config-reveal.xcconfig */ = {isa = PBXFileReference; fileEncoding = 4; lastKnownFileType = text.xcconfig; name = "config-reveal.xcconfig"; path = "Config/config-reveal.xcconfig"; sourceTree = "<group>"; };
		A1FA2D48180E0A850049BC47 /* config-test.xcconfig */ = {isa = PBXFileReference; fileEncoding = 4; lastKnownFileType = text.xcconfig; name = "config-test.xcconfig"; path = "Config/config-test.xcconfig"; sourceTree = "<group>"; };
		A1FA2D50180E0D9C0049BC47 /* Reveal.framework */ = {isa = PBXFileReference; lastKnownFileType = wrapper.framework; path = Reveal.framework; sourceTree = "<group>"; };
		A1FA2D52180E0F590049BC47 /* SenTestingKit.framework */ = {isa = PBXFileReference; lastKnownFileType = wrapper.framework; name = SenTestingKit.framework; path = Library/Frameworks/SenTestingKit.framework; sourceTree = DEVELOPER_DIR; };
		A1FA2D54180E0FC70049BC47 /* CoreGraphics.framework */ = {isa = PBXFileReference; lastKnownFileType = wrapper.framework; name = CoreGraphics.framework; path = Platforms/iPhoneOS.platform/Developer/SDKs/iPhoneOS7.0.sdk/System/Library/Frameworks/CoreGraphics.framework; sourceTree = DEVELOPER_DIR; };
		A1FA2D56180E0FD60049BC47 /* MobileCoreServices.framework */ = {isa = PBXFileReference; lastKnownFileType = wrapper.framework; name = MobileCoreServices.framework; path = Platforms/iPhoneOS.platform/Developer/SDKs/iPhoneOS7.0.sdk/System/Library/Frameworks/MobileCoreServices.framework; sourceTree = DEVELOPER_DIR; };
		A1FA2D58180E0FE60049BC47 /* Security.framework */ = {isa = PBXFileReference; lastKnownFileType = wrapper.framework; name = Security.framework; path = Platforms/iPhoneOS.platform/Developer/SDKs/iPhoneOS7.0.sdk/System/Library/Frameworks/Security.framework; sourceTree = DEVELOPER_DIR; };
		A1FA2D5A180E0FF40049BC47 /* SystemConfiguration.framework */ = {isa = PBXFileReference; lastKnownFileType = wrapper.framework; name = SystemConfiguration.framework; path = Platforms/iPhoneOS.platform/Developer/SDKs/iPhoneOS7.0.sdk/System/Library/Frameworks/SystemConfiguration.framework; sourceTree = DEVELOPER_DIR; };
		A1FD42B21810F05400180803 /* MoodView.xib */ = {isa = PBXFileReference; fileEncoding = 4; lastKnownFileType = file.xib; path = MoodView.xib; sourceTree = "<group>"; };
/* End PBXFileReference section */

/* Begin PBXFrameworksBuildPhase section */
		A1E85634180CA8D200DB907F /* Frameworks */ = {
			isa = PBXFrameworksBuildPhase;
			buildActionMask = 2147483647;
			files = (
				A185BB431821DBAF00183C93 /* libPods.a in Frameworks */,
				A1E8563D180CA8D200DB907F /* CoreGraphics.framework in Frameworks */,
				A1FA2D5D180E0FFA0049BC47 /* Security.framework in Frameworks */,
				A1E8563B180CA8D200DB907F /* Foundation.framework in Frameworks */,
				A1FA2D5F180E0FFF0049BC47 /* CoreGraphics.framework in Frameworks */,
				A1FA2D5E180E0FFC0049BC47 /* MobileCoreServices.framework in Frameworks */,
				A1FA2D5C180E0FF70049BC47 /* SystemConfiguration.framework in Frameworks */,
			);
			runOnlyForDeploymentPostprocessing = 0;
		};
		A1E85658180CA8D200DB907F /* Frameworks */ = {
			isa = PBXFrameworksBuildPhase;
			buildActionMask = 2147483647;
			files = (
				A185BB411821DBA600183C93 /* libPods.a in Frameworks */,
				A185BB3C1821DB7A00183C93 /* libPods-MoodiosTests.a in Frameworks */,
				A1FA2D5B180E0FF40049BC47 /* SystemConfiguration.framework in Frameworks */,
				A1FA2D59180E0FE60049BC47 /* Security.framework in Frameworks */,
				A1FA2D57180E0FD60049BC47 /* MobileCoreServices.framework in Frameworks */,
				A1FA2D55180E0FC70049BC47 /* CoreGraphics.framework in Frameworks */,
				A1FA2D60180E10090049BC47 /* CoreGraphics.framework in Frameworks */,
				A1FA2D53180E0F590049BC47 /* SenTestingKit.framework in Frameworks */,
				A1E8565E180CA8D200DB907F /* Foundation.framework in Frameworks */,
			);
			runOnlyForDeploymentPostprocessing = 0;
		};
/* End PBXFrameworksBuildPhase section */

/* Begin PBXGroup section */
		2DC1815393E5A5EFFBAB24BC /* Service */ = {
			isa = PBXGroup;
			children = (
				2DC18D9430ADC1CB79CB7200 /* MoodServiceSpec.m */,
				2DC1878B18DB21F2040FE72C /* GetMoodsCommandSpec.m */,
				2DC18345B7C00E6BEDD9E3E7 /* CommandSpec.m */,
				2DC183054475B9E76A424DA8 /* RegisterMoodCommandSpec.m */,
			);
			path = Service;
			sourceTree = "<group>";
		};
		2DC184C7EA5A68662FEC3855 /* Controllers */ = {
			isa = PBXGroup;
			children = (
				2DC1869F2D29D46254819AC1 /* MoodViewController.h */,
				2DC1873D4147FE8602C37697 /* MoodViewController.m */,
				2DC18CF6F7C684CC91FDB6A7 /* RootViewController.m */,
				2DC188BDFD5573D06A281782 /* RootViewController.h */,
				A185BB4618231DE600183C93 /* MoodTableViewController.h */,
				A185BB4718231DE600183C93 /* MoodTableViewController.m */,
			);
			path = Controllers;
			sourceTree = "<group>";
		};
		2DC186CBE0A82F4F22F93F7B /* Service */ = {
			isa = PBXGroup;
			children = (
				2DC18C9EBC7E0E7D03F89BA9 /* MoodService.h */,
				2DC18DEDF17C876AA9D2DEA8 /* MoodService.m */,
				2DC18D2D7D525B01FE0993A9 /* RegisterMoodCommand.m */,
				2DC188E433403C30207387C9 /* RegisterMoodCommand.h */,
				2DC189428F60AF9481F074E4 /* GetMoodsCommand.m */,
				2DC1853704E9A47AFA88DCD4 /* GetMoodsCommand.h */,
				2DC18312F0FB597238E9F297 /* MoodServiceProtocol.h */,
				2DC180A117B86A7B7FCD4DE2 /* CommandDelegate.h */,
				2DC1815511DDA364A217CECA /* MoodCommand.m */,
				2DC188FF329A845220817AC7 /* MoodCommand.h */,
			);
			path = Service;
			sourceTree = "<group>";
		};
		A1E8562E180CA8D200DB907F = {
			isa = PBXGroup;
			children = (
				A1E85672180CAA3300DB907F /* Config */,
				A1E85640180CA8D200DB907F /* App */,
				A1E85662180CA8D200DB907F /* Spec */,
				A1E85639180CA8D200DB907F /* Frameworks */,
				A1E85638180CA8D200DB907F /* Products */,
			);
			sourceTree = "<group>";
		};
		A1E85638180CA8D200DB907F /* Products */ = {
			isa = PBXGroup;
			children = (
				A1E85637180CA8D200DB907F /* Moodios.app */,
				A1E8565B180CA8D200DB907F /* MoodiosTests.octest */,
			);
			name = Products;
			sourceTree = "<group>";
		};
		A1E85639180CA8D200DB907F /* Frameworks */ = {
			isa = PBXGroup;
			children = (
				A185BB421821DBAF00183C93 /* libPods.a */,
				A185BB401821DBA600183C93 /* libPods.a */,
				A185BB3B1821DB7A00183C93 /* libPods-MoodiosTests.a */,
				A1FA2D5A180E0FF40049BC47 /* SystemConfiguration.framework */,
				A1FA2D58180E0FE60049BC47 /* Security.framework */,
				A1FA2D56180E0FD60049BC47 /* MobileCoreServices.framework */,
				A1FA2D54180E0FC70049BC47 /* CoreGraphics.framework */,
				A1FA2D52180E0F590049BC47 /* SenTestingKit.framework */,
				A1FA2D50180E0D9C0049BC47 /* Reveal.framework */,
				A1E8563A180CA8D200DB907F /* Foundation.framework */,
				A1E8563C180CA8D200DB907F /* CoreGraphics.framework */,
			);
			name = Frameworks;
			sourceTree = "<group>";
		};
		A1E85640180CA8D200DB907F /* App */ = {
			isa = PBXGroup;
			children = (
				A1FD42B11810F05400180803 /* Views */,
				A1E85649180CA8D200DB907F /* AppDelegate.h */,
				A1E8564A180CA8D200DB907F /* AppDelegate.m */,
				A1E85655180CA8D200DB907F /* Images.xcassets */,
				A1E85641180CA8D200DB907F /* Supporting Files */,
				2DC184C7EA5A68662FEC3855 /* Controllers */,
				2DC186CBE0A82F4F22F93F7B /* Service */,
			);
			path = App;
			sourceTree = "<group>";
		};
		A1E85641180CA8D200DB907F /* Supporting Files */ = {
			isa = PBXGroup;
			children = (
				A1E85642180CA8D200DB907F /* Moodios-Info.plist */,
				A1E85643180CA8D200DB907F /* InfoPlist.strings */,
				A1E85646180CA8D200DB907F /* main.m */,
				A1E85648180CA8D200DB907F /* Moodios-Prefix.pch */,
			);
			name = "Supporting Files";
			sourceTree = "<group>";
		};
		A1E85662180CA8D200DB907F /* Spec */ = {
			isa = PBXGroup;
			children = (
				A1E85663180CA8D200DB907F /* Supporting Files */,
				2DC1815393E5A5EFFBAB24BC /* Service */,
			);
			path = Spec;
			sourceTree = "<group>";
		};
		A1E85663180CA8D200DB907F /* Supporting Files */ = {
			isa = PBXGroup;
			children = (
				A1E85664180CA8D200DB907F /* MoodiosTests-Info.plist */,
				A1E85665180CA8D200DB907F /* InfoPlist.strings */,
			);
			name = "Supporting Files";
			sourceTree = "<group>";
		};
		A1E85672180CAA3300DB907F /* Config */ = {
			isa = PBXGroup;
			children = (
				A1FA2D44180E0A850049BC47 /* config-common.xcconfig */,
				A1FA2D45180E0A850049BC47 /* config-debug.xcconfig */,
				A1FA2D46180E0A850049BC47 /* config-release.xcconfig */,
				A1FA2D47180E0A850049BC47 /* config-reveal.xcconfig */,
				A1FA2D48180E0A850049BC47 /* config-test.xcconfig */,
				33040A7E3CFD4A8186463238 /* Pods.xcconfig */,
				5646C567C5EE40619647E2EC /* Pods-MoodiosTests.xcconfig */,
			);
			name = Config;
			sourceTree = "<group>";
		};
		A1FD42B11810F05400180803 /* Views */ = {
			isa = PBXGroup;
			children = (
				A1FD42B21810F05400180803 /* MoodView.xib */,
				2DC18A02FDADCE7E749B3217 /* MoodListTableView.xib */,
			);
			path = Views;
			sourceTree = "<group>";
		};
/* End PBXGroup section */

/* Begin PBXNativeTarget section */
		A1E85636180CA8D200DB907F /* Moodios */ = {
			isa = PBXNativeTarget;
			buildConfigurationList = A1E8566C180CA8D200DB907F /* Build configuration list for PBXNativeTarget "Moodios" */;
			buildPhases = (
				428A7783760A46079AFDBA54 /* Check Pods Manifest.lock */,
				A1E85633180CA8D200DB907F /* Sources */,
				A1E85634180CA8D200DB907F /* Frameworks */,
				A1E85635180CA8D200DB907F /* Resources */,
				1C385AA8674D435087062146 /* Copy Pods Resources */,
			);
			buildRules = (
			);
			dependencies = (
			);
			name = Moodios;
			productName = Moodios;
			productReference = A1E85637180CA8D200DB907F /* Moodios.app */;
			productType = "com.apple.product-type.application";
		};
		A1E8565A180CA8D200DB907F /* MoodiosTests */ = {
			isa = PBXNativeTarget;
			buildConfigurationList = A1E8566F180CA8D200DB907F /* Build configuration list for PBXNativeTarget "MoodiosTests" */;
			buildPhases = (
				50BAD81B826341299CE243B3 /* Check Pods Manifest.lock */,
				A1E85657180CA8D200DB907F /* Sources */,
				A1E85658180CA8D200DB907F /* Frameworks */,
				A1E85659180CA8D200DB907F /* Resources */,
				00CC980ABE6148AFA8E16A7F /* Copy Pods Resources */,
			);
			buildRules = (
			);
			dependencies = (
				A1E85661180CA8D200DB907F /* PBXTargetDependency */,
			);
			name = MoodiosTests;
			productName = MoodiosTests;
			productReference = A1E8565B180CA8D200DB907F /* MoodiosTests.octest */;
			productType = "com.apple.product-type.bundle.unit-test";
		};
/* End PBXNativeTarget section */

/* Begin PBXProject section */
		A1E8562F180CA8D200DB907F /* Project object */ = {
			isa = PBXProject;
			attributes = {
				LastUpgradeCheck = 0500;
				ORGANIZATIONNAME = dius;
				TargetAttributes = {
					A1E85636180CA8D200DB907F = {
						DevelopmentTeam = HR4LVL7TKY;
					};
					A1E8565A180CA8D200DB907F = {
						TestTargetID = A1E85636180CA8D200DB907F /* Moodios */;
					};
				};
			};
			buildConfigurationList = A1E85632180CA8D200DB907F /* Build configuration list for PBXProject "Moodios" */;
			compatibilityVersion = "Xcode 3.2";
			developmentRegion = English;
			hasScannedForEncodings = 0;
			knownRegions = (
				en,
				Base,
			);
			mainGroup = A1E8562E180CA8D200DB907F;
			productRefGroup = A1E85638180CA8D200DB907F /* Products */;
			projectDirPath = "";
			projectRoot = "";
			targets = (
				A1E85636180CA8D200DB907F /* Moodios */,
				A1E8565A180CA8D200DB907F /* MoodiosTests */,
			);
		};
/* End PBXProject section */

/* Begin PBXResourcesBuildPhase section */
		A1E85635180CA8D200DB907F /* Resources */ = {
			isa = PBXResourcesBuildPhase;
			buildActionMask = 2147483647;
			files = (
				A1FA2D4A180E0A850049BC47 /* config-debug.xcconfig in Resources */,
				A1FA2D4B180E0A850049BC47 /* config-release.xcconfig in Resources */,
				A1E85656180CA8D200DB907F /* Images.xcassets in Resources */,
				A1FA2D4D180E0A850049BC47 /* config-test.xcconfig in Resources */,
				A1FA2D49180E0A850049BC47 /* config-common.xcconfig in Resources */,
				A1E85645180CA8D200DB907F /* InfoPlist.strings in Resources */,
				A1FA2D4C180E0A850049BC47 /* config-reveal.xcconfig in Resources */,
				A1FD42B31810F05400180803 /* MoodView.xib in Resources */,
				2DC18887D93BED94521EBEF1 /* MoodListTableView.xib in Resources */,
			);
			runOnlyForDeploymentPostprocessing = 0;
		};
		A1E85659180CA8D200DB907F /* Resources */ = {
			isa = PBXResourcesBuildPhase;
			buildActionMask = 2147483647;
			files = (
				A1E85667180CA8D200DB907F /* InfoPlist.strings in Resources */,
			);
			runOnlyForDeploymentPostprocessing = 0;
		};
/* End PBXResourcesBuildPhase section */

/* Begin PBXShellScriptBuildPhase section */
		00CC980ABE6148AFA8E16A7F /* Copy Pods Resources */ = {
			isa = PBXShellScriptBuildPhase;
			buildActionMask = 2147483647;
			files = (
			);
			inputPaths = (
			);
			name = "Copy Pods Resources";
			outputPaths = (
			);
			runOnlyForDeploymentPostprocessing = 0;
			shellPath = /bin/sh;
			shellScript = "\"${SRCROOT}/../Pods/Pods-MoodiosTests-resources.sh\"\n";
			showEnvVarsInLog = 0;
		};
		1C385AA8674D435087062146 /* Copy Pods Resources */ = {
			isa = PBXShellScriptBuildPhase;
			buildActionMask = 2147483647;
			files = (
			);
			inputPaths = (
			);
			name = "Copy Pods Resources";
			outputPaths = (
			);
			runOnlyForDeploymentPostprocessing = 0;
			shellPath = /bin/sh;
			shellScript = "\"${SRCROOT}/../Pods/Pods-resources.sh\"\n";
			showEnvVarsInLog = 0;
		};
		428A7783760A46079AFDBA54 /* Check Pods Manifest.lock */ = {
			isa = PBXShellScriptBuildPhase;
			buildActionMask = 2147483647;
			files = (
			);
			inputPaths = (
			);
			name = "Check Pods Manifest.lock";
			outputPaths = (
			);
			runOnlyForDeploymentPostprocessing = 0;
			shellPath = /bin/sh;
			shellScript = "diff \"${PODS_ROOT}/../Podfile.lock\" \"${PODS_ROOT}/Manifest.lock\" > /dev/null\nif [[ $? != 0 ]] ; then\n    cat << EOM\nerror: The sandbox is not in sync with the Podfile.lock. Run 'pod install' or update your CocoaPods installation.\nEOM\n    exit 1\nfi\n";
			showEnvVarsInLog = 0;
		};
		50BAD81B826341299CE243B3 /* Check Pods Manifest.lock */ = {
			isa = PBXShellScriptBuildPhase;
			buildActionMask = 2147483647;
			files = (
			);
			inputPaths = (
			);
			name = "Check Pods Manifest.lock";
			outputPaths = (
			);
			runOnlyForDeploymentPostprocessing = 0;
			shellPath = /bin/sh;
			shellScript = "diff \"${PODS_ROOT}/../Podfile.lock\" \"${PODS_ROOT}/Manifest.lock\" > /dev/null\nif [[ $? != 0 ]] ; then\n    cat << EOM\nerror: The sandbox is not in sync with the Podfile.lock. Run 'pod install' or update your CocoaPods installation.\nEOM\n    exit 1\nfi\n";
			showEnvVarsInLog = 0;
		};
/* End PBXShellScriptBuildPhase section */

/* Begin PBXSourcesBuildPhase section */
		A1E85633180CA8D200DB907F /* Sources */ = {
			isa = PBXSourcesBuildPhase;
			buildActionMask = 2147483647;
			files = (
				A1E8564B180CA8D200DB907F /* AppDelegate.m in Sources */,
				A1E85647180CA8D200DB907F /* main.m in Sources */,
				2DC18B5C77A9CF3B2ECDF850 /* MoodViewController.m in Sources */,
				2DC183154AFF0B7B7EBB4D90 /* RootViewController.m in Sources */,
				A185BB4918231DE600183C93 /* MoodTableViewController.m in Sources */,
				2DC1874B9D67BE6FC3B5DDB0 /* MoodService.m in Sources */,
				2DC18B98D4E28890660E3B02 /* RegisterMoodCommand.m in Sources */,
				2DC1898B53633D3220DD613C /* GetMoodsCommand.m in Sources */,
				2DC18E4BD3693F42AA4E0728 /* MoodCommand.m in Sources */,
			);
			runOnlyForDeploymentPostprocessing = 0;
		};
		A1E85657180CA8D200DB907F /* Sources */ = {
			isa = PBXSourcesBuildPhase;
			buildActionMask = 2147483647;
			files = (
				2DC18EFEB2C62D6D61E228BB /* MoodViewController.m in Sources */,
				2DC1852897BB4B4E4F67279E /* RootViewController.m in Sources */,
				2DC18ECF9820E319AC461C2D /* MoodService.m in Sources */,
				2DC18FF685C8CBE0281E562E /* RegisterMoodCommand.m in Sources */,
				2DC18AF19702903FF879413A /* GetMoodsCommand.m in Sources */,
				2DC185157AB6911279F9C285 /* MoodCommand.m in Sources */,
				2DC18F203460B55E49B8E4ED /* MoodServiceSpec.m in Sources */,
				2DC1837FAB73C07A034ED2AF /* GetMoodsCommandSpec.m in Sources */,
				2DC1855588EF766AD68D0B42 /* CommandSpec.m in Sources */,
				2DC181E5EBBD93D8ECA828CC /* RegisterMoodCommandSpec.m in Sources */,
			);
			runOnlyForDeploymentPostprocessing = 0;
		};
/* End PBXSourcesBuildPhase section */

/* Begin PBXTargetDependency section */
		A1E85661180CA8D200DB907F /* PBXTargetDependency */ = {
			isa = PBXTargetDependency;
			target = A1E85636180CA8D200DB907F /* Moodios */;
			targetProxy = A1E85660180CA8D200DB907F /* PBXContainerItemProxy */;
		};
/* End PBXTargetDependency section */

/* Begin PBXVariantGroup section */
		A1E85643180CA8D200DB907F /* InfoPlist.strings */ = {
			isa = PBXVariantGroup;
			children = (
				A1E85644180CA8D200DB907F /* en */,
			);
			name = InfoPlist.strings;
			sourceTree = "<group>";
		};
		A1E85665180CA8D200DB907F /* InfoPlist.strings */ = {
			isa = PBXVariantGroup;
			children = (
				A1E85666180CA8D200DB907F /* en */,
			);
			name = InfoPlist.strings;
			sourceTree = "<group>";
		};
/* End PBXVariantGroup section */

/* Begin XCBuildConfiguration section */
		A1E8566A180CA8D200DB907F /* Debug */ = {
			isa = XCBuildConfiguration;
			buildSettings = {
				GCC_WARN_UNUSED_FUNCTION = YES;
				IPHONEOS_DEPLOYMENT_TARGET = 7.0;
			};
			name = Debug;
		};
		A1E8566B180CA8D200DB907F /* Release */ = {
			isa = XCBuildConfiguration;
			buildSettings = {
				GCC_WARN_UNUSED_FUNCTION = YES;
				IPHONEOS_DEPLOYMENT_TARGET = 7.0;
			};
			name = Release;
		};
		A1E8566D180CA8D200DB907F /* Debug */ = {
			isa = XCBuildConfiguration;
			baseConfigurationReference = A1FA2D47180E0A850049BC47 /* config-reveal.xcconfig */;
			buildSettings = {
				CODE_SIGN_IDENTITY = "iPhone Developer";
				"CODE_SIGN_IDENTITY[sdk=iphoneos*]" = "iPhone Developer";
				PROVISIONING_PROFILE = "";
			};
			name = Debug;
		};
		A1E8566E180CA8D200DB907F /* Release */ = {
			isa = XCBuildConfiguration;
			baseConfigurationReference = A1FA2D46180E0A850049BC47 /* config-release.xcconfig */;
			buildSettings = {
				CODE_SIGN_IDENTITY = "iPhone Developer";
				"CODE_SIGN_IDENTITY[sdk=iphoneos*]" = "iPhone Developer";
				PROVISIONING_PROFILE = "";
			};
			name = Release;
		};
		A1E85670180CA8D200DB907F /* Debug */ = {
			isa = XCBuildConfiguration;
			baseConfigurationReference = A1FA2D48180E0A850049BC47 /* config-test.xcconfig */;
			buildSettings = {
				FRAMEWORK_SEARCH_PATHS = (
					"$(inherited)",
					"$(DEVELOPER_FRAMEWORKS_DIR)",
				);
			};
			name = Debug;
		};
		A1E85671180CA8D200DB907F /* Release */ = {
			isa = XCBuildConfiguration;
			baseConfigurationReference = A1FA2D48180E0A850049BC47 /* config-test.xcconfig */;
			buildSettings = {
				FRAMEWORK_SEARCH_PATHS = (
					"$(inherited)",
					"$(DEVELOPER_FRAMEWORKS_DIR)",
				);
			};
			name = Release;
		};
/* End XCBuildConfiguration section */

/* Begin XCConfigurationList section */
		A1E85632180CA8D200DB907F /* Build configuration list for PBXProject "Moodios" */ = {
			isa = XCConfigurationList;
			buildConfigurations = (
				A1E8566A180CA8D200DB907F /* Debug */,
				A1E8566B180CA8D200DB907F /* Release */,
			);
			defaultConfigurationIsVisible = 0;
			defaultConfigurationName = Release;
		};
		A1E8566C180CA8D200DB907F /* Build configuration list for PBXNativeTarget "Moodios" */ = {
			isa = XCConfigurationList;
			buildConfigurations = (
				A1E8566D180CA8D200DB907F /* Debug */,
				A1E8566E180CA8D200DB907F /* Release */,
			);
			defaultConfigurationIsVisible = 0;
			defaultConfigurationName = Release;
		};
		A1E8566F180CA8D200DB907F /* Build configuration list for PBXNativeTarget "MoodiosTests" */ = {
			isa = XCConfigurationList;
			buildConfigurations = (
				A1E85670180CA8D200DB907F /* Debug */,
				A1E85671180CA8D200DB907F /* Release */,
			);
			defaultConfigurationIsVisible = 0;
			defaultConfigurationName = Release;
		};
/* End XCConfigurationList section */
	};
	rootObject = A1E8562F180CA8D200DB907F /* Project object */;
}
